
Microsoft Visual Studio Solution File, Format Version 12.00
# Visual Studio Version 16
VisualStudioVersion = 16.0.30907.101
MinimumVisualStudioVersion = 10.0.40219.1
Project("{FAE04EC0-301F-11D3-BF4B-00C04F79EFBC}") = "PrimeNumbers", "PrimeNumbers\PrimeNumbers.csproj", "{2A447843-1A82-484C-BB05-448B58AFC786}"
EndProject
Project("{FAE04EC0-301F-11D3-BF4B-00C04F79EFBC}") = "PascalCase", "PascalCase\PascalCase.csproj", "{0674F567-6812-4EE2-907D-6FCFBFFC57F7}"
EndProject
Global
	GlobalSection(SolutionConfigurationPlatforms) = preSolution
		Debug|Any CPU = Debug|Any CPU
		Release|Any CPU = Release|Any CPU
	EndGlobalSection
	GlobalSection(ProjectConfigurationPlatforms) = postSolution
		{2A447843-1A82-484C-BB05-448B58AFC786}.Debug|Any CPU.ActiveCfg = Debug|Any CPU
		{2A447843-1A82-484C-BB05-448B58AFC786}.Debug|Any CPU.Build.0 = Debug|Any CPU
		{2A447843-1A82-484C-BB05-448B58AFC786}.Release|Any CPU.ActiveCfg = Release|Any CPU
		{2A447843-1A82-484C-BB05-448B58AFC786}.Release|Any CPU.Build.0 = Release|Any CPU
		{0674F567-6812-4EE2-907D-6FCFBFFC57F7}.Debug|Any CPU.ActiveCfg = Debug|Any CPU
		{0674F567-6812-4EE2-907D-6FCFBFFC57F7}.Debug|Any CPU.Build.0 = Debug|Any CPU
		{0674F567-6812-4EE2-907D-6FCFBFFC57F7}.Release|Any CPU.ActiveCfg = Release|Any CPU
		{0674F567-6812-4EE2-907D-6FCFBFFC57F7}.Release|Any CPU.Build.0 = Release|Any CPU
	EndGlobalSection
	GlobalSection(SolutionProperties) = preSolution
		HideSolutionNode = FALSE
	EndGlobalSection
	GlobalSection(ExtensibilityGlobals) = postSolution
		SolutionGuid = {95B79F38-42AD-4FBF-990B-B5A8FE663199}
	EndGlobalSection
EndGlobal
